
Microsoft Visual Studio Solution File, Format Version 12.00
# Visual Studio Version 16
VisualStudioVersion = 16.0.30204.135
MinimumVisualStudioVersion = 10.0.40219.1
Project("{F184B08F-C81C-45F6-A57F-5ABD9991F28F}") = "WarChess1", "WarChess1\WarChess1.vbproj", "{CEE1BD7D-B693-4B96-B9F2-4483DB2D2C0C}"
EndProject
Global
	GlobalSection(SolutionConfigurationPlatforms) = preSolution
		Debug|Any CPU = Debug|Any CPU
		Release|Any CPU = Release|Any CPU
	EndGlobalSection
	GlobalSection(ProjectConfigurationPlatforms) = postSolution
		{CEE1BD7D-B693-4B96-B9F2-4483DB2D2C0C}.Debug|Any CPU.ActiveCfg = Debug|Any CPU
		{CEE1BD7D-B693-4B96-B9F2-4483DB2D2C0C}.Debug|Any CPU.Build.0 = Debug|Any CPU
		{CEE1BD7D-B693-4B96-B9F2-4483DB2D2C0C}.Release|Any CPU.ActiveCfg = Release|Any CPU
		{CEE1BD7D-B693-4B96-B9F2-4483DB2D2C0C}.Release|Any CPU.Build.0 = Release|Any CPU
	EndGlobalSection
	GlobalSection(SolutionProperties) = preSolution
		HideSolutionNode = FALSE
	EndGlobalSection
	GlobalSection(ExtensibilityGlobals) = postSolution
		SolutionGuid = {2A524C4B-B436-433D-9849-DAE054D150E7}
	EndGlobalSection
EndGlobal
